// !$*UTF8*$!
{
	archiveVersion = 1;
	classes = {
	};
	objectVersion = 46;
	objects = {

/* Begin PBXBuildFile section */
		1D104049695494D333801B44 /* BankAccountRepository.swift in Sources */ = {isa = PBXBuildFile; fileRef = 1D10459E10860B46A8EF5F06 /* BankAccountRepository.swift */; };
		1D10475A957BDA86CE75A4D4 /* ApplicationService.swift in Sources */ = {isa = PBXBuildFile; fileRef = 1D104EE93767DE801F84DC8C /* ApplicationService.swift */; };
		1D1047CC60ACE12D99FEC553 /* BankAccountRepository.swift in Sources */ = {isa = PBXBuildFile; fileRef = 1D10459E10860B46A8EF5F06 /* BankAccountRepository.swift */; };
		1D104B285588EE0C6B496395 /* BankAccountRepository.swift in Sources */ = {isa = PBXBuildFile; fileRef = 1D10459E10860B46A8EF5F06 /* BankAccountRepository.swift */; };
		1D104CACD1C5E5A8FD922A2F /* ApplicationService.swift in Sources */ = {isa = PBXBuildFile; fileRef = 1D104EE93767DE801F84DC8C /* ApplicationService.swift */; };
		1D104D6F0CED0107DBFC7B2C /* ApplicationService.swift in Sources */ = {isa = PBXBuildFile; fileRef = 1D104EE93767DE801F84DC8C /* ApplicationService.swift */; };
		DE5CF1411CB8C04400373128 /* accountViewTableCell.xib in Resources */ = {isa = PBXBuildFile; fileRef = DE5CF1401CB8C04400373128 /* accountViewTableCell.xib */; };
		DE5CF1431CB8C1F200373128 /* AccountTableViewCell.swift in Sources */ = {isa = PBXBuildFile; fileRef = DE5CF1421CB8C1F200373128 /* AccountTableViewCell.swift */; };
		DE5CF1451CB8D3E900373128 /* AppState.swift in Sources */ = {isa = PBXBuildFile; fileRef = DE5CF1441CB8D3E900373128 /* AppState.swift */; };
		DE5CF1491CB8DEA900373128 /* AboutViewController.swift in Sources */ = {isa = PBXBuildFile; fileRef = DE5CF1481CB8DEA900373128 /* AboutViewController.swift */; };
		DE5CF14B1CB8E48000373128 /* README.md in Sources */ = {isa = PBXBuildFile; fileRef = DE5CF14A1CB8E48000373128 /* README.md */; };
		DE5CF14E1CB9126200373128 /* UserRepository.swift in Sources */ = {isa = PBXBuildFile; fileRef = DE745D831C9FC6B200D55A8B /* UserRepository.swift */; };
		DE5CF14F1CB9126200373128 /* UserRepository.swift in Sources */ = {isa = PBXBuildFile; fileRef = DE745D831C9FC6B200D55A8B /* UserRepository.swift */; };
		DE5CF1521CB9127900373128 /* AccountViewController.swift in Sources */ = {isa = PBXBuildFile; fileRef = DE67C45E1CA9087800A7151C /* AccountViewController.swift */; };
		DE5CF1531CB9127900373128 /* AccountViewController.swift in Sources */ = {isa = PBXBuildFile; fileRef = DE67C45E1CA9087800A7151C /* AccountViewController.swift */; };
		DE5CF1541CB9127C00373128 /* BankAccountViewController.swift in Sources */ = {isa = PBXBuildFile; fileRef = DE67C4601CA90C7900A7151C /* BankAccountViewController.swift */; };
		DE5CF1551CB9127C00373128 /* BankAccountViewController.swift in Sources */ = {isa = PBXBuildFile; fileRef = DE67C4601CA90C7900A7151C /* BankAccountViewController.swift */; };
		DE5CF1561CB9127E00373128 /* HomeController.swift in Sources */ = {isa = PBXBuildFile; fileRef = DE67C4621CA922DD00A7151C /* HomeController.swift */; };
		DE5CF1571CB9127F00373128 /* HomeController.swift in Sources */ = {isa = PBXBuildFile; fileRef = DE67C4621CA922DD00A7151C /* HomeController.swift */; };
		DE5CF1581CB9128300373128 /* AppState.swift in Sources */ = {isa = PBXBuildFile; fileRef = DE5CF1441CB8D3E900373128 /* AppState.swift */; };
		DE5CF1591CB9128400373128 /* AppState.swift in Sources */ = {isa = PBXBuildFile; fileRef = DE5CF1441CB8D3E900373128 /* AppState.swift */; };
		DE5CF15A1CB9128600373128 /* AboutViewController.swift in Sources */ = {isa = PBXBuildFile; fileRef = DE5CF1481CB8DEA900373128 /* AboutViewController.swift */; };
		DE5CF15B1CB9128600373128 /* AboutViewController.swift in Sources */ = {isa = PBXBuildFile; fileRef = DE5CF1481CB8DEA900373128 /* AboutViewController.swift */; };
		DE5CF15C1CB9128900373128 /* AccountTableViewCell.swift in Sources */ = {isa = PBXBuildFile; fileRef = DE5CF1421CB8C1F200373128 /* AccountTableViewCell.swift */; };
		DE5CF15D1CB9128900373128 /* AccountTableViewCell.swift in Sources */ = {isa = PBXBuildFile; fileRef = DE5CF1421CB8C1F200373128 /* AccountTableViewCell.swift */; };
		DE5CF15E1CB9128C00373128 /* AppDelegate.swift in Sources */ = {isa = PBXBuildFile; fileRef = DE745D551C9FC67C00D55A8B /* AppDelegate.swift */; };
		DE5CF15F1CB9128C00373128 /* AppDelegate.swift in Sources */ = {isa = PBXBuildFile; fileRef = DE745D551C9FC67C00D55A8B /* AppDelegate.swift */; };
		DE5CF1601CB9128E00373128 /* ViewController.swift in Sources */ = {isa = PBXBuildFile; fileRef = DE745D571C9FC67C00D55A8B /* ViewController.swift */; };
		DE5CF1611CB9128F00373128 /* ViewController.swift in Sources */ = {isa = PBXBuildFile; fileRef = DE745D571C9FC67C00D55A8B /* ViewController.swift */; };
		DE67C4591CA8F15800A7151C /* logo.png in Resources */ = {isa = PBXBuildFile; fileRef = DE67C4581CA8F15800A7151C /* logo.png */; };
		DE67C45D1CA8FA0400A7151C /* LoginViewController.swift in Sources */ = {isa = PBXBuildFile; fileRef = DE67C45C1CA8FA0400A7151C /* LoginViewController.swift */; };
		DE67C45F1CA9087800A7151C /* AccountViewController.swift in Sources */ = {isa = PBXBuildFile; fileRef = DE67C45E1CA9087800A7151C /* AccountViewController.swift */; };
		DE67C4611CA90C7900A7151C /* BankAccountViewController.swift in Sources */ = {isa = PBXBuildFile; fileRef = DE67C4601CA90C7900A7151C /* BankAccountViewController.swift */; };
		DE67C4631CA922DD00A7151C /* HomeController.swift in Sources */ = {isa = PBXBuildFile; fileRef = DE67C4621CA922DD00A7151C /* HomeController.swift */; };
		DE745D561C9FC67C00D55A8B /* AppDelegate.swift in Sources */ = {isa = PBXBuildFile; fileRef = DE745D551C9FC67C00D55A8B /* AppDelegate.swift */; };
		DE745D581C9FC67C00D55A8B /* ViewController.swift in Sources */ = {isa = PBXBuildFile; fileRef = DE745D571C9FC67C00D55A8B /* ViewController.swift */; };
		DE745D5B1C9FC67C00D55A8B /* Main.storyboard in Resources */ = {isa = PBXBuildFile; fileRef = DE745D591C9FC67C00D55A8B /* Main.storyboard */; };
		DE745D5D1C9FC67C00D55A8B /* Assets.xcassets in Resources */ = {isa = PBXBuildFile; fileRef = DE745D5C1C9FC67C00D55A8B /* Assets.xcassets */; };
		DE745D601C9FC67C00D55A8B /* LaunchScreen.storyboard in Resources */ = {isa = PBXBuildFile; fileRef = DE745D5E1C9FC67C00D55A8B /* LaunchScreen.storyboard */; };
		DE745D6B1C9FC67C00D55A8B /* a1bankTests.swift in Sources */ = {isa = PBXBuildFile; fileRef = DE745D6A1C9FC67C00D55A8B /* a1bankTests.swift */; };
		DE745D761C9FC67C00D55A8B /* a1bankUITests.swift in Sources */ = {isa = PBXBuildFile; fileRef = DE745D751C9FC67C00D55A8B /* a1bankUITests.swift */; };
		DE745D841C9FC6B200D55A8B /* UserRepository.swift in Sources */ = {isa = PBXBuildFile; fileRef = DE745D831C9FC6B200D55A8B /* UserRepository.swift */; };
		DEB137041CE1C17700E1F17A /* MapKit.framework in Frameworks */ = {isa = PBXBuildFile; fileRef = DEB137031CE1C17600E1F17A /* MapKit.framework */; };
		DEB137061CE1C9F000E1F17A /* LocateUsViewController.swift in Sources */ = {isa = PBXBuildFile; fileRef = DEB137051CE1C9F000E1F17A /* LocateUsViewController.swift */; };
		DEB1370B1CE1EB7600E1F17A /* BankModel.xcdatamodeld in Sources */ = {isa = PBXBuildFile; fileRef = DEB137091CE1EB7600E1F17A /* BankModel.xcdatamodeld */; };
		DEB1370D1CE1EBAA00E1F17A /* DataController.swift in Sources */ = {isa = PBXBuildFile; fileRef = DEB1370C1CE1EBAA00E1F17A /* DataController.swift */; };
		DEB137141CE1FBA000E1F17A /* BankAccount+CoreDataProperties.swift in Sources */ = {isa = PBXBuildFile; fileRef = DEB1370E1CE1FBA000E1F17A /* BankAccount+CoreDataProperties.swift */; };
		DEB137151CE1FBA000E1F17A /* BankAccount.swift in Sources */ = {isa = PBXBuildFile; fileRef = DEB1370F1CE1FBA000E1F17A /* BankAccount.swift */; };
		DEB137161CE1FBA000E1F17A /* User+CoreDataProperties.swift in Sources */ = {isa = PBXBuildFile; fileRef = DEB137101CE1FBA000E1F17A /* User+CoreDataProperties.swift */; };
		DEB137171CE1FBA000E1F17A /* User.swift in Sources */ = {isa = PBXBuildFile; fileRef = DEB137111CE1FBA000E1F17A /* User.swift */; };
		DEB137181CE1FBA000E1F17A /* BranchInfo+CoreDataProperties.swift in Sources */ = {isa = PBXBuildFile; fileRef = DEB137121CE1FBA000E1F17A /* BranchInfo+CoreDataProperties.swift */; };
		DEB137191CE1FBA000E1F17A /* BranchInfo.swift in Sources */ = {isa = PBXBuildFile; fileRef = DEB137131CE1FBA000E1F17A /* BranchInfo.swift */; };
/* End PBXBuildFile section */

/* Begin PBXContainerItemProxy section */
		DE745D671C9FC67C00D55A8B /* PBXContainerItemProxy */ = {
			isa = PBXContainerItemProxy;
			containerPortal = DE745D4A1C9FC67C00D55A8B /* Project object */;
			proxyType = 1;
			remoteGlobalIDString = DE745D511C9FC67C00D55A8B;
			remoteInfo = a1bank;
		};
		DE745D721C9FC67C00D55A8B /* PBXContainerItemProxy */ = {
			isa = PBXContainerItemProxy;
			containerPortal = DE745D4A1C9FC67C00D55A8B /* Project object */;
			proxyType = 1;
			remoteGlobalIDString = DE745D511C9FC67C00D55A8B;
			remoteInfo = a1bank;
		};
/* End PBXContainerItemProxy section */

/* Begin PBXFileReference section */
		1D10459E10860B46A8EF5F06 /* BankAccountRepository.swift */ = {isa = PBXFileReference; fileEncoding = 4; lastKnownFileType = sourcecode.swift; path = BankAccountRepository.swift; sourceTree = "<group>"; };
		1D104EE93767DE801F84DC8C /* ApplicationService.swift */ = {isa = PBXFileReference; fileEncoding = 4; lastKnownFileType = sourcecode.swift; path = ApplicationService.swift; sourceTree = "<group>"; };
		DE5CF1401CB8C04400373128 /* accountViewTableCell.xib */ = {isa = PBXFileReference; fileEncoding = 4; lastKnownFileType = file.xib; path = accountViewTableCell.xib; sourceTree = "<group>"; };
		DE5CF1421CB8C1F200373128 /* AccountTableViewCell.swift */ = {isa = PBXFileReference; fileEncoding = 4; lastKnownFileType = sourcecode.swift; name = AccountTableViewCell.swift; path = ../AccountTableViewCell.swift; sourceTree = "<group>"; };
		DE5CF1441CB8D3E900373128 /* AppState.swift */ = {isa = PBXFileReference; fileEncoding = 4; lastKnownFileType = sourcecode.swift; path = AppState.swift; sourceTree = "<group>"; };
		DE5CF1481CB8DEA900373128 /* AboutViewController.swift */ = {isa = PBXFileReference; fileEncoding = 4; lastKnownFileType = sourcecode.swift; path = AboutViewController.swift; sourceTree = "<group>"; };
		DE5CF14A1CB8E48000373128 /* README.md */ = {isa = PBXFileReference; fileEncoding = 4; lastKnownFileType = net.daringfireball.markdown; path = README.md; sourceTree = "<group>"; };
		DE67C4581CA8F15800A7151C /* logo.png */ = {isa = PBXFileReference; lastKnownFileType = image.png; path = logo.png; sourceTree = "<group>"; };
		DE67C45C1CA8FA0400A7151C /* LoginViewController.swift */ = {isa = PBXFileReference; fileEncoding = 4; lastKnownFileType = sourcecode.swift; path = LoginViewController.swift; sourceTree = "<group>"; };
		DE67C45E1CA9087800A7151C /* AccountViewController.swift */ = {isa = PBXFileReference; fileEncoding = 4; lastKnownFileType = sourcecode.swift; path = AccountViewController.swift; sourceTree = "<group>"; };
		DE67C4601CA90C7900A7151C /* BankAccountViewController.swift */ = {isa = PBXFileReference; fileEncoding = 4; lastKnownFileType = sourcecode.swift; path = BankAccountViewController.swift; sourceTree = "<group>"; };
		DE67C4621CA922DD00A7151C /* HomeController.swift */ = {isa = PBXFileReference; fileEncoding = 4; lastKnownFileType = sourcecode.swift; path = HomeController.swift; sourceTree = "<group>"; };
		DE745D521C9FC67C00D55A8B /* a1bank.app */ = {isa = PBXFileReference; explicitFileType = wrapper.application; includeInIndex = 0; path = a1bank.app; sourceTree = BUILT_PRODUCTS_DIR; };
		DE745D551C9FC67C00D55A8B /* AppDelegate.swift */ = {isa = PBXFileReference; lastKnownFileType = sourcecode.swift; path = AppDelegate.swift; sourceTree = "<group>"; };
		DE745D571C9FC67C00D55A8B /* ViewController.swift */ = {isa = PBXFileReference; lastKnownFileType = sourcecode.swift; path = ViewController.swift; sourceTree = "<group>"; };
		DE745D5A1C9FC67C00D55A8B /* Base */ = {isa = PBXFileReference; lastKnownFileType = file.storyboard; name = Base; path = Base.lproj/Main.storyboard; sourceTree = "<group>"; };
		DE745D5C1C9FC67C00D55A8B /* Assets.xcassets */ = {isa = PBXFileReference; lastKnownFileType = folder.assetcatalog; path = Assets.xcassets; sourceTree = "<group>"; };
		DE745D5F1C9FC67C00D55A8B /* Base */ = {isa = PBXFileReference; lastKnownFileType = file.storyboard; name = Base; path = Base.lproj/LaunchScreen.storyboard; sourceTree = "<group>"; };
		DE745D611C9FC67C00D55A8B /* Info.plist */ = {isa = PBXFileReference; lastKnownFileType = text.plist.xml; path = Info.plist; sourceTree = "<group>"; };
		DE745D661C9FC67C00D55A8B /* a1bankTests.xctest */ = {isa = PBXFileReference; explicitFileType = wrapper.cfbundle; includeInIndex = 0; path = a1bankTests.xctest; sourceTree = BUILT_PRODUCTS_DIR; };
		DE745D6A1C9FC67C00D55A8B /* a1bankTests.swift */ = {isa = PBXFileReference; lastKnownFileType = sourcecode.swift; path = a1bankTests.swift; sourceTree = "<group>"; };
		DE745D6C1C9FC67C00D55A8B /* Info.plist */ = {isa = PBXFileReference; lastKnownFileType = text.plist.xml; path = Info.plist; sourceTree = "<group>"; };
		DE745D711C9FC67C00D55A8B /* a1bankUITests.xctest */ = {isa = PBXFileReference; explicitFileType = wrapper.cfbundle; includeInIndex = 0; path = a1bankUITests.xctest; sourceTree = BUILT_PRODUCTS_DIR; };
		DE745D751C9FC67C00D55A8B /* a1bankUITests.swift */ = {isa = PBXFileReference; lastKnownFileType = sourcecode.swift; path = a1bankUITests.swift; sourceTree = "<group>"; };
		DE745D771C9FC67C00D55A8B /* Info.plist */ = {isa = PBXFileReference; lastKnownFileType = text.plist.xml; path = Info.plist; sourceTree = "<group>"; };
		DE745D831C9FC6B200D55A8B /* UserRepository.swift */ = {isa = PBXFileReference; fileEncoding = 4; lastKnownFileType = sourcecode.swift; path = UserRepository.swift; sourceTree = "<group>"; };
		DEB137031CE1C17600E1F17A /* MapKit.framework */ = {isa = PBXFileReference; lastKnownFileType = wrapper.framework; name = MapKit.framework; path = System/Library/Frameworks/MapKit.framework; sourceTree = SDKROOT; };
		DEB137051CE1C9F000E1F17A /* LocateUsViewController.swift */ = {isa = PBXFileReference; fileEncoding = 4; lastKnownFileType = sourcecode.swift; path = LocateUsViewController.swift; sourceTree = "<group>"; };
		DEB1370A1CE1EB7600E1F17A /* BankModel.xcdatamodel */ = {isa = PBXFileReference; lastKnownFileType = wrapper.xcdatamodel; path = BankModel.xcdatamodel; sourceTree = "<group>"; };
		DEB1370C1CE1EBAA00E1F17A /* DataController.swift */ = {isa = PBXFileReference; fileEncoding = 4; lastKnownFileType = sourcecode.swift; name = DataController.swift; path = ../DataController.swift; sourceTree = "<group>"; };
		DEB1370E1CE1FBA000E1F17A /* BankAccount+CoreDataProperties.swift */ = {isa = PBXFileReference; fileEncoding = 4; lastKnownFileType = sourcecode.swift; name = "BankAccount+CoreDataProperties.swift"; path = "../BankAccount+CoreDataProperties.swift"; sourceTree = "<group>"; };
		DEB1370F1CE1FBA000E1F17A /* BankAccount.swift */ = {isa = PBXFileReference; fileEncoding = 4; lastKnownFileType = sourcecode.swift; name = BankAccount.swift; path = ../BankAccount.swift; sourceTree = "<group>"; };
		DEB137101CE1FBA000E1F17A /* User+CoreDataProperties.swift */ = {isa = PBXFileReference; fileEncoding = 4; lastKnownFileType = sourcecode.swift; name = "User+CoreDataProperties.swift"; path = "../User+CoreDataProperties.swift"; sourceTree = "<group>"; };
		DEB137111CE1FBA000E1F17A /* User.swift */ = {isa = PBXFileReference; fileEncoding = 4; lastKnownFileType = sourcecode.swift; name = User.swift; path = ../User.swift; sourceTree = "<group>"; };
		DEB137121CE1FBA000E1F17A /* BranchInfo+CoreDataProperties.swift */ = {isa = PBXFileReference; fileEncoding = 4; lastKnownFileType = sourcecode.swift; name = "BranchInfo+CoreDataProperties.swift"; path = "../BranchInfo+CoreDataProperties.swift"; sourceTree = "<group>"; };
		DEB137131CE1FBA000E1F17A /* BranchInfo.swift */ = {isa = PBXFileReference; fileEncoding = 4; lastKnownFileType = sourcecode.swift; name = BranchInfo.swift; path = ../BranchInfo.swift; sourceTree = "<group>"; };
/* End PBXFileReference section */

/* Begin PBXFrameworksBuildPhase section */
		DE745D4F1C9FC67C00D55A8B /* Frameworks */ = {
			isa = PBXFrameworksBuildPhase;
			buildActionMask = 2147483647;
			files = (
				DEB137041CE1C17700E1F17A /* MapKit.framework in Frameworks */,
			);
			runOnlyForDeploymentPostprocessing = 0;
		};
		DE745D631C9FC67C00D55A8B /* Frameworks */ = {
			isa = PBXFrameworksBuildPhase;
			buildActionMask = 2147483647;
			files = (
			);
			runOnlyForDeploymentPostprocessing = 0;
		};
		DE745D6E1C9FC67C00D55A8B /* Frameworks */ = {
			isa = PBXFrameworksBuildPhase;
			buildActionMask = 2147483647;
			files = (
			);
			runOnlyForDeploymentPostprocessing = 0;
		};
/* End PBXFrameworksBuildPhase section */

/* Begin PBXGroup section */
		DE745D491C9FC67C00D55A8B = {
			isa = PBXGroup;
			children = (
				DEB137031CE1C17600E1F17A /* MapKit.framework */,
				DE5CF14A1CB8E48000373128 /* README.md */,
				DE745D541C9FC67C00D55A8B /* a1bank */,
				DE745D691C9FC67C00D55A8B /* a1bankTests */,
				DE745D741C9FC67C00D55A8B /* a1bankUITests */,
				DE745D531C9FC67C00D55A8B /* Products */,
			);
			sourceTree = "<group>";
		};
		DE745D531C9FC67C00D55A8B /* Products */ = {
			isa = PBXGroup;
			children = (
				DE745D521C9FC67C00D55A8B /* a1bank.app */,
				DE745D661C9FC67C00D55A8B /* a1bankTests.xctest */,
				DE745D711C9FC67C00D55A8B /* a1bankUITests.xctest */,
			);
			name = Products;
			sourceTree = "<group>";
		};
		DE745D541C9FC67C00D55A8B /* a1bank */ = {
			isa = PBXGroup;
			children = (
				DEB1370E1CE1FBA000E1F17A /* BankAccount+CoreDataProperties.swift */,
				DEB1370F1CE1FBA000E1F17A /* BankAccount.swift */,
				DEB137101CE1FBA000E1F17A /* User+CoreDataProperties.swift */,
				DEB137111CE1FBA000E1F17A /* User.swift */,
				DEB137121CE1FBA000E1F17A /* BranchInfo+CoreDataProperties.swift */,
				DEB137131CE1FBA000E1F17A /* BranchInfo.swift */,
				DEB1370C1CE1EBAA00E1F17A /* DataController.swift */,
				DEB137091CE1EB7600E1F17A /* BankModel.xcdatamodeld */,
				DE5CF1421CB8C1F200373128 /* AccountTableViewCell.swift */,
				DE745D551C9FC67C00D55A8B /* AppDelegate.swift */,
				DE745D571C9FC67C00D55A8B /* ViewController.swift */,
				DE745D591C9FC67C00D55A8B /* Main.storyboard */,
				DE745D5C1C9FC67C00D55A8B /* Assets.xcassets */,
				DE67C4581CA8F15800A7151C /* logo.png */,
				DE745D5E1C9FC67C00D55A8B /* LaunchScreen.storyboard */,
				DE745D611C9FC67C00D55A8B /* Info.plist */,
				DE745D831C9FC6B200D55A8B /* UserRepository.swift */,
				1D10459E10860B46A8EF5F06 /* BankAccountRepository.swift */,
				1D104EE93767DE801F84DC8C /* ApplicationService.swift */,
				DE67C45C1CA8FA0400A7151C /* LoginViewController.swift */,
				DE67C45E1CA9087800A7151C /* AccountViewController.swift */,
				DE67C4601CA90C7900A7151C /* BankAccountViewController.swift */,
				DE67C4621CA922DD00A7151C /* HomeController.swift */,
				DE5CF1401CB8C04400373128 /* accountViewTableCell.xib */,
				DE5CF1441CB8D3E900373128 /* AppState.swift */,
				DE5CF1481CB8DEA900373128 /* AboutViewController.swift */,
				DEB137051CE1C9F000E1F17A /* LocateUsViewController.swift */,
			);
			path = a1bank;
			sourceTree = "<group>";
		};
		DE745D691C9FC67C00D55A8B /* a1bankTests */ = {
			isa = PBXGroup;
			children = (
				DE745D6A1C9FC67C00D55A8B /* a1bankTests.swift */,
				DE745D6C1C9FC67C00D55A8B /* Info.plist */,
			);
			path = a1bankTests;
			sourceTree = "<group>";
		};
		DE745D741C9FC67C00D55A8B /* a1bankUITests */ = {
			isa = PBXGroup;
			children = (
				DE745D751C9FC67C00D55A8B /* a1bankUITests.swift */,
				DE745D771C9FC67C00D55A8B /* Info.plist */,
			);
			path = a1bankUITests;
			sourceTree = "<group>";
		};
/* End PBXGroup section */

/* Begin PBXNativeTarget section */
		DE745D511C9FC67C00D55A8B /* a1bank */ = {
			isa = PBXNativeTarget;
			buildConfigurationList = DE745D7A1C9FC67C00D55A8B /* Build configuration list for PBXNativeTarget "a1bank" */;
			buildPhases = (
				DE745D4E1C9FC67C00D55A8B /* Sources */,
				DE745D4F1C9FC67C00D55A8B /* Frameworks */,
				DE745D501C9FC67C00D55A8B /* Resources */,
			);
			buildRules = (
			);
			dependencies = (
			);
			name = a1bank;
			productName = a1bank;
			productReference = DE745D521C9FC67C00D55A8B /* a1bank.app */;
			productType = "com.apple.product-type.application";
		};
		DE745D651C9FC67C00D55A8B /* a1bankTests */ = {
			isa = PBXNativeTarget;
			buildConfigurationList = DE745D7D1C9FC67C00D55A8B /* Build configuration list for PBXNativeTarget "a1bankTests" */;
			buildPhases = (
				DE745D621C9FC67C00D55A8B /* Sources */,
				DE745D631C9FC67C00D55A8B /* Frameworks */,
				DE745D641C9FC67C00D55A8B /* Resources */,
			);
			buildRules = (
			);
			dependencies = (
				DE745D681C9FC67C00D55A8B /* PBXTargetDependency */,
			);
			name = a1bankTests;
			productName = a1bankTests;
			productReference = DE745D661C9FC67C00D55A8B /* a1bankTests.xctest */;
			productType = "com.apple.product-type.bundle.unit-test";
		};
		DE745D701C9FC67C00D55A8B /* a1bankUITests */ = {
			isa = PBXNativeTarget;
			buildConfigurationList = DE745D801C9FC67C00D55A8B /* Build configuration list for PBXNativeTarget "a1bankUITests" */;
			buildPhases = (
				DE745D6D1C9FC67C00D55A8B /* Sources */,
				DE745D6E1C9FC67C00D55A8B /* Frameworks */,
				DE745D6F1C9FC67C00D55A8B /* Resources */,
			);
			buildRules = (
			);
			dependencies = (
				DE745D731C9FC67C00D55A8B /* PBXTargetDependency */,
			);
			name = a1bankUITests;
			productName = a1bankUITests;
			productReference = DE745D711C9FC67C00D55A8B /* a1bankUITests.xctest */;
			productType = "com.apple.product-type.bundle.ui-testing";
		};
/* End PBXNativeTarget section */

/* Begin PBXProject section */
		DE745D4A1C9FC67C00D55A8B /* Project object */ = {
			isa = PBXProject;
			attributes = {
				LastSwiftUpdateCheck = 0720;
				LastUpgradeCheck = 0720;
				ORGANIZATIONNAME = "Panagiotis Papastamatis";
				TargetAttributes = {
					DE745D511C9FC67C00D55A8B = {
						CreatedOnToolsVersion = 7.2.1;
						SystemCapabilities = {
							com.apple.Maps.iOS = {
								enabled = 1;
							};
						};
					};
					DE745D651C9FC67C00D55A8B = {
						CreatedOnToolsVersion = 7.2.1;
						TestTargetID = DE745D511C9FC67C00D55A8B;
					};
					DE745D701C9FC67C00D55A8B = {
						CreatedOnToolsVersion = 7.2.1;
						TestTargetID = DE745D511C9FC67C00D55A8B;
					};
				};
			};
			buildConfigurationList = DE745D4D1C9FC67C00D55A8B /* Build configuration list for PBXProject "a1bank" */;
			compatibilityVersion = "Xcode 3.2";
			developmentRegion = English;
			hasScannedForEncodings = 0;
			knownRegions = (
				en,
				Base,
			);
			mainGroup = DE745D491C9FC67C00D55A8B;
			productRefGroup = DE745D531C9FC67C00D55A8B /* Products */;
			projectDirPath = "";
			projectRoot = "";
			targets = (
				DE745D511C9FC67C00D55A8B /* a1bank */,
				DE745D651C9FC67C00D55A8B /* a1bankTests */,
				DE745D701C9FC67C00D55A8B /* a1bankUITests */,
			);
		};
/* End PBXProject section */

/* Begin PBXResourcesBuildPhase section */
		DE745D501C9FC67C00D55A8B /* Resources */ = {
			isa = PBXResourcesBuildPhase;
			buildActionMask = 2147483647;
			files = (
				DE67C4591CA8F15800A7151C /* logo.png in Resources */,
				DE745D601C9FC67C00D55A8B /* LaunchScreen.storyboard in Resources */,
				DE5CF1411CB8C04400373128 /* accountViewTableCell.xib in Resources */,
				DE745D5D1C9FC67C00D55A8B /* Assets.xcassets in Resources */,
				DE745D5B1C9FC67C00D55A8B /* Main.storyboard in Resources */,
			);
			runOnlyForDeploymentPostprocessing = 0;
		};
		DE745D641C9FC67C00D55A8B /* Resources */ = {
			isa = PBXResourcesBuildPhase;
			buildActionMask = 2147483647;
			files = (
			);
			runOnlyForDeploymentPostprocessing = 0;
		};
		DE745D6F1C9FC67C00D55A8B /* Resources */ = {
			isa = PBXResourcesBuildPhase;
			buildActionMask = 2147483647;
			files = (
			);
			runOnlyForDeploymentPostprocessing = 0;
		};
/* End PBXResourcesBuildPhase section */

/* Begin PBXSourcesBuildPhase section */
		DE745D4E1C9FC67C00D55A8B /* Sources */ = {
			isa = PBXSourcesBuildPhase;
			buildActionMask = 2147483647;
			files = (
				DE5CF1431CB8C1F200373128 /* AccountTableViewCell.swift in Sources */,
				DE67C45D1CA8FA0400A7151C /* LoginViewController.swift in Sources */,
				DE745D581C9FC67C00D55A8B /* ViewController.swift in Sources */,
				DEB137181CE1FBA000E1F17A /* BranchInfo+CoreDataProperties.swift in Sources */,
				DE5CF1491CB8DEA900373128 /* AboutViewController.swift in Sources */,
				DE745D561C9FC67C00D55A8B /* AppDelegate.swift in Sources */,
				DE745D841C9FC6B200D55A8B /* UserRepository.swift in Sources */,
				DEB137141CE1FBA000E1F17A /* BankAccount+CoreDataProperties.swift in Sources */,
				DEB137061CE1C9F000E1F17A /* LocateUsViewController.swift in Sources */,
				DE67C4611CA90C7900A7151C /* BankAccountViewController.swift in Sources */,
				DEB1370D1CE1EBAA00E1F17A /* DataController.swift in Sources */,
				DE67C45F1CA9087800A7151C /* AccountViewController.swift in Sources */,
				DE5CF1451CB8D3E900373128 /* AppState.swift in Sources */,
				DE67C4631CA922DD00A7151C /* HomeController.swift in Sources */,
				DE5CF14B1CB8E48000373128 /* README.md in Sources */,
				DEB1370B1CE1EB7600E1F17A /* BankModel.xcdatamodeld in Sources */,
				DEB137161CE1FBA000E1F17A /* User+CoreDataProperties.swift in Sources */,
				DEB137191CE1FBA000E1F17A /* BranchInfo.swift in Sources */,
				1D1047CC60ACE12D99FEC553 /* BankAccountRepository.swift in Sources */,
				DEB137151CE1FBA000E1F17A /* BankAccount.swift in Sources */,
				1D10475A957BDA86CE75A4D4 /* ApplicationService.swift in Sources */,
				DEB137171CE1FBA000E1F17A /* User.swift in Sources */,
			);
			runOnlyForDeploymentPostprocessing = 0;
		};
		DE745D621C9FC67C00D55A8B /* Sources */ = {
			isa = PBXSourcesBuildPhase;
			buildActionMask = 2147483647;
			files = (
				DE745D6B1C9FC67C00D55A8B /* a1bankTests.swift in Sources */,
				DE5CF1581CB9128300373128 /* AppState.swift in Sources */,
				DE5CF15A1CB9128600373128 /* AboutViewController.swift in Sources */,
				DE5CF1601CB9128E00373128 /* ViewController.swift in Sources */,
				DE5CF1541CB9127C00373128 /* BankAccountViewController.swift in Sources */,
				DE5CF1521CB9127900373128 /* AccountViewController.swift in Sources */,
				DE5CF1561CB9127E00373128 /* HomeController.swift in Sources */,
				DE5CF15E1CB9128C00373128 /* AppDelegate.swift in Sources */,
				1D104049695494D333801B44 /* BankAccountRepository.swift in Sources */,
				DE5CF15C1CB9128900373128 /* AccountTableViewCell.swift in Sources */,
				DE5CF14E1CB9126200373128 /* UserRepository.swift in Sources */,
				1D104D6F0CED0107DBFC7B2C /* ApplicationService.swift in Sources */,
			);
			runOnlyForDeploymentPostprocessing = 0;
		};
		DE745D6D1C9FC67C00D55A8B /* Sources */ = {
			isa = PBXSourcesBuildPhase;
			buildActionMask = 2147483647;
			files = (
				DE745D761C9FC67C00D55A8B /* a1bankUITests.swift in Sources */,
				DE5CF1591CB9128400373128 /* AppState.swift in Sources */,
				DE5CF15B1CB9128600373128 /* AboutViewController.swift in Sources */,
				DE5CF1611CB9128F00373128 /* ViewController.swift in Sources */,
				DE5CF1551CB9127C00373128 /* BankAccountViewController.swift in Sources */,
				DE5CF1531CB9127900373128 /* AccountViewController.swift in Sources */,
				DE5CF1571CB9127F00373128 /* HomeController.swift in Sources */,
				DE5CF15F1CB9128C00373128 /* AppDelegate.swift in Sources */,
				1D104B285588EE0C6B496395 /* BankAccountRepository.swift in Sources */,
				DE5CF15D1CB9128900373128 /* AccountTableViewCell.swift in Sources */,
				DE5CF14F1CB9126200373128 /* UserRepository.swift in Sources */,
				1D104CACD1C5E5A8FD922A2F /* ApplicationService.swift in Sources */,
			);
			runOnlyForDeploymentPostprocessing = 0;
		};
/* End PBXSourcesBuildPhase section */

/* Begin PBXTargetDependency section */
		DE745D681C9FC67C00D55A8B /* PBXTargetDependency */ = {
			isa = PBXTargetDependency;
			target = DE745D511C9FC67C00D55A8B /* a1bank */;
			targetProxy = DE745D671C9FC67C00D55A8B /* PBXContainerItemProxy */;
		};
		DE745D731C9FC67C00D55A8B /* PBXTargetDependency */ = {
			isa = PBXTargetDependency;
			target = DE745D511C9FC67C00D55A8B /* a1bank */;
			targetProxy = DE745D721C9FC67C00D55A8B /* PBXContainerItemProxy */;
		};
/* End PBXTargetDependency section */

/* Begin PBXVariantGroup section */
		DE745D591C9FC67C00D55A8B /* Main.storyboard */ = {
			isa = PBXVariantGroup;
			children = (
				DE745D5A1C9FC67C00D55A8B /* Base */,
			);
			name = Main.storyboard;
			sourceTree = "<group>";
		};
		DE745D5E1C9FC67C00D55A8B /* LaunchScreen.storyboard */ = {
			isa = PBXVariantGroup;
			children = (
				DE745D5F1C9FC67C00D55A8B /* Base */,
			);
			name = LaunchScreen.storyboard;
			sourceTree = "<group>";
		};
/* End PBXVariantGroup section */

/* Begin XCBuildConfiguration section */
		DE745D781C9FC67C00D55A8B /* Debug */ = {
			isa = XCBuildConfiguration;
			buildSettings = {
				ALWAYS_SEARCH_USER_PATHS = NO;
				CLANG_CXX_LANGUAGE_STANDARD = "gnu++0x";
				CLANG_CXX_LIBRARY = "libc++";
				CLANG_ENABLE_MODULES = YES;
				CLANG_ENABLE_OBJC_ARC = YES;
				CLANG_WARN_BOOL_CONVERSION = YES;
				CLANG_WARN_CONSTANT_CONVERSION = YES;
				CLANG_WARN_DIRECT_OBJC_ISA_USAGE = YES_ERROR;
				CLANG_WARN_EMPTY_BODY = YES;
				CLANG_WARN_ENUM_CONVERSION = YES;
				CLANG_WARN_INT_CONVERSION = YES;
				CLANG_WARN_OBJC_ROOT_CLASS = YES_ERROR;
				CLANG_WARN_UNREACHABLE_CODE = YES;
				CLANG_WARN__DUPLICATE_METHOD_MATCH = YES;
				"CODE_SIGN_IDENTITY[sdk=iphoneos*]" = "iPhone Developer";
				COPY_PHASE_STRIP = NO;
				DEBUG_INFORMATION_FORMAT = dwarf;
				ENABLE_STRICT_OBJC_MSGSEND = YES;
				ENABLE_TESTABILITY = YES;
				GCC_C_LANGUAGE_STANDARD = gnu99;
				GCC_DYNAMIC_NO_PIC = NO;
				GCC_NO_COMMON_BLOCKS = YES;
				GCC_OPTIMIZATION_LEVEL = 0;
				GCC_PREPROCESSOR_DEFINITIONS = (
					"DEBUG=1",
					"$(inherited)",
				);
				GCC_WARN_64_TO_32_BIT_CONVERSION = YES;
				GCC_WARN_ABOUT_RETURN_TYPE = YES_ERROR;
				GCC_WARN_UNDECLARED_SELECTOR = YES;
				GCC_WARN_UNINITIALIZED_AUTOS = YES_AGGRESSIVE;
				GCC_WARN_UNUSED_FUNCTION = YES;
				GCC_WARN_UNUSED_VARIABLE = YES;
				IPHONEOS_DEPLOYMENT_TARGET = 9.2;
				MTL_ENABLE_DEBUG_INFO = YES;
				ONLY_ACTIVE_ARCH = YES;
				SDKROOT = iphoneos;
				SWIFT_OPTIMIZATION_LEVEL = "-Onone";
				TARGETED_DEVICE_FAMILY = "1,2";
			};
			name = Debug;
		};
		DE745D791C9FC67C00D55A8B /* Release */ = {
			isa = XCBuildConfiguration;
			buildSettings = {
				ALWAYS_SEARCH_USER_PATHS = NO;
				CLANG_CXX_LANGUAGE_STANDARD = "gnu++0x";
				CLANG_CXX_LIBRARY = "libc++";
				CLANG_ENABLE_MODULES = YES;
				CLANG_ENABLE_OBJC_ARC = YES;
				CLANG_WARN_BOOL_CONVERSION = YES;
				CLANG_WARN_CONSTANT_CONVERSION = YES;
				CLANG_WARN_DIRECT_OBJC_ISA_USAGE = YES_ERROR;
				CLANG_WARN_EMPTY_BODY = YES;
				CLANG_WARN_ENUM_CONVERSION = YES;
				CLANG_WARN_INT_CONVERSION = YES;
				CLANG_WARN_OBJC_ROOT_CLASS = YES_ERROR;
				CLANG_WARN_UNREACHABLE_CODE = YES;
				CLANG_WARN__DUPLICATE_METHOD_MATCH = YES;
				"CODE_SIGN_IDENTITY[sdk=iphoneos*]" = "iPhone Developer";
				COPY_PHASE_STRIP = NO;
				DEBUG_INFORMATION_FORMAT = "dwarf-with-dsym";
				ENABLE_NS_ASSERTIONS = NO;
				ENABLE_STRICT_OBJC_MSGSEND = YES;
				GCC_C_LANGUAGE_STANDARD = gnu99;
				GCC_NO_COMMON_BLOCKS = YES;
				GCC_WARN_64_TO_32_BIT_CONVERSION = YES;
				GCC_WARN_ABOUT_RETURN_TYPE = YES_ERROR;
				GCC_WARN_UNDECLARED_SELECTOR = YES;
				GCC_WARN_UNINITIALIZED_AUTOS = YES_AGGRESSIVE;
				GCC_WARN_UNUSED_FUNCTION = YES;
				GCC_WARN_UNUSED_VARIABLE = YES;
				IPHONEOS_DEPLOYMENT_TARGET = 9.2;
				MTL_ENABLE_DEBUG_INFO = NO;
				SDKROOT = iphoneos;
				TARGETED_DEVICE_FAMILY = "1,2";
				VALIDATE_PRODUCT = YES;
			};
			name = Release;
		};
		DE745D7B1C9FC67C00D55A8B /* Debug */ = {
			isa = XCBuildConfiguration;
			buildSettings = {
				ASSETCATALOG_COMPILER_APPICON_NAME = AppIcon;
				INFOPLIST_FILE = a1bank/Info.plist;
				IPHONEOS_DEPLOYMENT_TARGET = 9.0;
				LD_RUNPATH_SEARCH_PATHS = "$(inherited) @executable_path/Frameworks";
				PRODUCT_BUNDLE_IDENTIFIER = au.edu.rmit.student.s3402299.a1bank;
				PRODUCT_NAME = "$(TARGET_NAME)";
				TARGETED_DEVICE_FAMILY = "1,2";
			};
			name = Debug;
		};
		DE745D7C1C9FC67C00D55A8B /* Release */ = {
			isa = XCBuildConfiguration;
			buildSettings = {
				ASSETCATALOG_COMPILER_APPICON_NAME = AppIcon;
				INFOPLIST_FILE = a1bank/Info.plist;
				IPHONEOS_DEPLOYMENT_TARGET = 9.0;
				LD_RUNPATH_SEARCH_PATHS = "$(inherited) @executable_path/Frameworks";
				PRODUCT_BUNDLE_IDENTIFIER = au.edu.rmit.student.s3402299.a1bank;
				PRODUCT_NAME = "$(TARGET_NAME)";
				TARGETED_DEVICE_FAMILY = "1,2";
			};
			name = Release;
		};
		DE745D7E1C9FC67C00D55A8B /* Debug */ = {
			isa = XCBuildConfiguration;
			buildSettings = {
				BUNDLE_LOADER = "$(TEST_HOST)";
				INFOPLIST_FILE = a1bankTests/Info.plist;
				LD_RUNPATH_SEARCH_PATHS = "$(inherited) @executable_path/Frameworks @loader_path/Frameworks";
				PRODUCT_BUNDLE_IDENTIFIER = au.edu.rmit.student.s3402299.a1bankTests;
				PRODUCT_NAME = "$(TARGET_NAME)";
				TEST_HOST = "$(BUILT_PRODUCTS_DIR)/a1bank.app/a1bank";
			};
			name = Debug;
		};
		DE745D7F1C9FC67C00D55A8B /* Release */ = {
			isa = XCBuildConfiguration;
			buildSettings = {
				BUNDLE_LOADER = "$(TEST_HOST)";
				INFOPLIST_FILE = a1bankTests/Info.plist;
				LD_RUNPATH_SEARCH_PATHS = "$(inherited) @executable_path/Frameworks @loader_path/Frameworks";
				PRODUCT_BUNDLE_IDENTIFIER = au.edu.rmit.student.s3402299.a1bankTests;
				PRODUCT_NAME = "$(TARGET_NAME)";
				TEST_HOST = "$(BUILT_PRODUCTS_DIR)/a1bank.app/a1bank";
			};
			name = Release;
		};
		DE745D811C9FC67C00D55A8B /* Debug */ = {
			isa = XCBuildConfiguration;
			buildSettings = {
				INFOPLIST_FILE = a1bankUITests/Info.plist;
				LD_RUNPATH_SEARCH_PATHS = "$(inherited) @executable_path/Frameworks @loader_path/Frameworks";
				PRODUCT_BUNDLE_IDENTIFIER = au.edu.rmit.student.s3402299.a1bankUITests;
				PRODUCT_NAME = "$(TARGET_NAME)";
				TEST_TARGET_NAME = a1bank;
				USES_XCTRUNNER = YES;
			};
			name = Debug;
		};
		DE745D821C9FC67C00D55A8B /* Release */ = {
			isa = XCBuildConfiguration;
			buildSettings = {
				INFOPLIST_FILE = a1bankUITests/Info.plist;
				LD_RUNPATH_SEARCH_PATHS = "$(inherited) @executable_path/Frameworks @loader_path/Frameworks";
				PRODUCT_BUNDLE_IDENTIFIER = au.edu.rmit.student.s3402299.a1bankUITests;
				PRODUCT_NAME = "$(TARGET_NAME)";
				TEST_TARGET_NAME = a1bank;
				USES_XCTRUNNER = YES;
			};
			name = Release;
		};
/* End XCBuildConfiguration section */

/* Begin XCConfigurationList section */
		DE745D4D1C9FC67C00D55A8B /* Build configuration list for PBXProject "a1bank" */ = {
			isa = XCConfigurationList;
			buildConfigurations = (
				DE745D781C9FC67C00D55A8B /* Debug */,
				DE745D791C9FC67C00D55A8B /* Release */,
			);
			defaultConfigurationIsVisible = 0;
			defaultConfigurationName = Release;
		};
		DE745D7A1C9FC67C00D55A8B /* Build configuration list for PBXNativeTarget "a1bank" */ = {
			isa = XCConfigurationList;
			buildConfigurations = (
				DE745D7B1C9FC67C00D55A8B /* Debug */,
				DE745D7C1C9FC67C00D55A8B /* Release */,
			);
			defaultConfigurationIsVisible = 0;
			defaultConfigurationName = Release;
		};
		DE745D7D1C9FC67C00D55A8B /* Build configuration list for PBXNativeTarget "a1bankTests" */ = {
			isa = XCConfigurationList;
			buildConfigurations = (
				DE745D7E1C9FC67C00D55A8B /* Debug */,
				DE745D7F1C9FC67C00D55A8B /* Release */,
			);
			defaultConfigurationIsVisible = 0;
			defaultConfigurationName = Release;
		};
		DE745D801C9FC67C00D55A8B /* Build configuration list for PBXNativeTarget "a1bankUITests" */ = {
			isa = XCConfigurationList;
			buildConfigurations = (
				DE745D811C9FC67C00D55A8B /* Debug */,
				DE745D821C9FC67C00D55A8B /* Release */,
			);
			defaultConfigurationIsVisible = 0;
			defaultConfigurationName = Release;
		};
/* End XCConfigurationList section */

/* Begin XCVersionGroup section */
		DEB137091CE1EB7600E1F17A /* BankModel.xcdatamodeld */ = {
			isa = XCVersionGroup;
			children = (
				DEB1370A1CE1EB7600E1F17A /* BankModel.xcdatamodel */,
			);
			currentVersion = DEB1370A1CE1EB7600E1F17A /* BankModel.xcdatamodel */;
			name = BankModel.xcdatamodeld;
			path = ../BankModel.xcdatamodeld;
			sourceTree = "<group>";
			versionGroupType = wrapper.xcdatamodel;
		};
/* End XCVersionGroup section */
	};
	rootObject = DE745D4A1C9FC67C00D55A8B /* Project object */;
}
